
Microsoft Visual Studio Solution File, Format Version 12.00
# Visual Studio Version 17
VisualStudioVersion = 17.4.33213.308
MinimumVisualStudioVersion = 10.0.40219.1
Project("{9A19103F-16F7-4668-BE54-9A1E7A4F7556}") = "Renipe", "Renipe.csproj", "{B3D6C661-AA9B-4C5C-9C64-E81F5829BEF6}"
EndProject
Global
	GlobalSection(SolutionConfigurationPlatforms) = preSolution
		Debug|Any CPU = Debug|Any CPU
		Release|Any CPU = Release|Any CPU
	EndGlobalSection
	GlobalSection(ProjectConfigurationPlatforms) = postSolution
		{B3D6C661-AA9B-4C5C-9C64-E81F5829BEF6}.Debug|Any CPU.ActiveCfg = Debug|Any CPU
		{B3D6C661-AA9B-4C5C-9C64-E81F5829BEF6}.Debug|Any CPU.Build.0 = Debug|Any CPU
		{B3D6C661-AA9B-4C5C-9C64-E81F5829BEF6}.Release|Any CPU.ActiveCfg = Release|Any CPU
		{B3D6C661-AA9B-4C5C-9C64-E81F5829BEF6}.Release|Any CPU.Build.0 = Release|Any CPU
	EndGlobalSection
	GlobalSection(SolutionProperties) = preSolution
		HideSolutionNode = FALSE
	EndGlobalSection
	GlobalSection(ExtensibilityGlobals) = postSolution
		SolutionGuid = {C9511F14-C61F-4C97-99BE-C1A012AEFA2F}
	EndGlobalSection
EndGlobal
